// !$*UTF8*$!
{
	archiveVersion = 1;
	classes = {
	};
	objectVersion = 55;
	objects = {

/* Begin PBXBuildFile section */
		5C48976628846B870006F4E8 /* GitHubClientAppApp.swift in Sources */ = {isa = PBXBuildFile; fileRef = 5C48976528846B870006F4E8 /* GitHubClientAppApp.swift */; };
		5C48976828846B870006F4E8 /* RepoListView.swift in Sources */ = {isa = PBXBuildFile; fileRef = 5C48976728846B870006F4E8 /* RepoListView.swift */; };
		5C48976A28846B880006F4E8 /* Assets.xcassets in Resources */ = {isa = PBXBuildFile; fileRef = 5C48976928846B880006F4E8 /* Assets.xcassets */; };
		5C48976D28846B880006F4E8 /* Preview Assets.xcassets in Resources */ = {isa = PBXBuildFile; fileRef = 5C48976C28846B880006F4E8 /* Preview Assets.xcassets */; };
		5C48977728846B880006F4E8 /* GitHubClientAppTests.swift in Sources */ = {isa = PBXBuildFile; fileRef = 5C48977628846B880006F4E8 /* GitHubClientAppTests.swift */; };
		5C48978128846B880006F4E8 /* GitHubClientAppUITests.swift in Sources */ = {isa = PBXBuildFile; fileRef = 5C48978028846B880006F4E8 /* GitHubClientAppUITests.swift */; };
		5C48978328846B880006F4E8 /* GitHubClientAppUITestsLaunchTests.swift in Sources */ = {isa = PBXBuildFile; fileRef = 5C48978228846B880006F4E8 /* GitHubClientAppUITestsLaunchTests.swift */; };
		5C489790288507930006F4E8 /* Repo.swift in Sources */ = {isa = PBXBuildFile; fileRef = 5C48978F288507930006F4E8 /* Repo.swift */; };
		5C489792288507A00006F4E8 /* User.swift in Sources */ = {isa = PBXBuildFile; fileRef = 5C489791288507A00006F4E8 /* User.swift */; };
		5C48979928850C8D0006F4E8 /* RepoRow.swift in Sources */ = {isa = PBXBuildFile; fileRef = 5C48979828850C8D0006F4E8 /* RepoRow.swift */; };
		5C48979B28850DC50006F4E8 /* RepoDetailView.swift in Sources */ = {isa = PBXBuildFile; fileRef = 5C48979A28850DC50006F4E8 /* RepoDetailView.swift */; };
		5C48979E288518460006F4E8 /* Repo+mock.swift in Sources */ = {isa = PBXBuildFile; fileRef = 5C48979D288518460006F4E8 /* Repo+mock.swift */; };
		5C4897A02885187F0006F4E8 /* User+mock.swift in Sources */ = {isa = PBXBuildFile; fileRef = 5C48979F2885187F0006F4E8 /* User+mock.swift */; };
		5C9702D42886EF8B001F86CF /* RepoListViewModel.swift in Sources */ = {isa = PBXBuildFile; fileRef = 5C9702D32886EF8B001F86CF /* RepoListViewModel.swift */; };
		5C9702D62886F0FD001F86CF /* RepoDataRepository.swift in Sources */ = {isa = PBXBuildFile; fileRef = 5C9702D52886F0FD001F86CF /* RepoDataRepository.swift */; };
		5C9702D92886F221001F86CF /* RepoErrors.swift in Sources */ = {isa = PBXBuildFile; fileRef = 5C9702D82886F221001F86CF /* RepoErrors.swift */; };
		5C9702DB2886F254001F86CF /* Stateful.swift in Sources */ = {isa = PBXBuildFile; fileRef = 5C9702DA2886F254001F86CF /* Stateful.swift */; };
		5C9702DE28884E1A001F86CF /* MockRepoRepository.swift in Sources */ = {isa = PBXBuildFile; fileRef = 5C9702DD28884E1A001F86CF /* MockRepoRepository.swift */; };
		5C9702DF28884E1A001F86CF /* MockRepoRepository.swift in Sources */ = {isa = PBXBuildFile; fileRef = 5C9702DD28884E1A001F86CF /* MockRepoRepository.swift */; };
		5C9702E028884E1A001F86CF /* MockRepoRepository.swift in Sources */ = {isa = PBXBuildFile; fileRef = 5C9702DD28884E1A001F86CF /* MockRepoRepository.swift */; };
		5C9702E628884F31001F86CF /* DummyError.swift in Sources */ = {isa = PBXBuildFile; fileRef = 5C9702E528884F31001F86CF /* DummyError.swift */; };
		5C9702E728884F31001F86CF /* DummyError.swift in Sources */ = {isa = PBXBuildFile; fileRef = 5C9702E528884F31001F86CF /* DummyError.swift */; };
		5C9702E828884F31001F86CF /* DummyError.swift in Sources */ = {isa = PBXBuildFile; fileRef = 5C9702E528884F31001F86CF /* DummyError.swift */; };
/* End PBXBuildFile section */

/* Begin PBXContainerItemProxy section */
		5C48977328846B880006F4E8 /* PBXContainerItemProxy */ = {
			isa = PBXContainerItemProxy;
			containerPortal = 5C48975A28846B870006F4E8 /* Project object */;
			proxyType = 1;
			remoteGlobalIDString = 5C48976128846B870006F4E8;
			remoteInfo = GitHubClientApp;
		};
		5C48977D28846B880006F4E8 /* PBXContainerItemProxy */ = {
			isa = PBXContainerItemProxy;
			containerPortal = 5C48975A28846B870006F4E8 /* Project object */;
			proxyType = 1;
			remoteGlobalIDString = 5C48976128846B870006F4E8;
			remoteInfo = GitHubClientApp;
		};
/* End PBXContainerItemProxy section */

/* Begin PBXFileReference section */
		5C48976228846B870006F4E8 /* GitHubClientApp.app */ = {isa = PBXFileReference; explicitFileType = wrapper.application; includeInIndex = 0; path = GitHubClientApp.app; sourceTree = BUILT_PRODUCTS_DIR; };
		5C48976528846B870006F4E8 /* GitHubClientAppApp.swift */ = {isa = PBXFileReference; lastKnownFileType = sourcecode.swift; path = GitHubClientAppApp.swift; sourceTree = "<group>"; };
		5C48976728846B870006F4E8 /* RepoListView.swift */ = {isa = PBXFileReference; lastKnownFileType = sourcecode.swift; path = RepoListView.swift; sourceTree = "<group>"; };
		5C48976928846B880006F4E8 /* Assets.xcassets */ = {isa = PBXFileReference; lastKnownFileType = folder.assetcatalog; path = Assets.xcassets; sourceTree = "<group>"; };
		5C48976C28846B880006F4E8 /* Preview Assets.xcassets */ = {isa = PBXFileReference; lastKnownFileType = folder.assetcatalog; path = "Preview Assets.xcassets"; sourceTree = "<group>"; };
		5C48977228846B880006F4E8 /* GitHubClientAppTests.xctest */ = {isa = PBXFileReference; explicitFileType = wrapper.cfbundle; includeInIndex = 0; path = GitHubClientAppTests.xctest; sourceTree = BUILT_PRODUCTS_DIR; };
		5C48977628846B880006F4E8 /* GitHubClientAppTests.swift */ = {isa = PBXFileReference; lastKnownFileType = sourcecode.swift; path = GitHubClientAppTests.swift; sourceTree = "<group>"; };
		5C48977C28846B880006F4E8 /* GitHubClientAppUITests.xctest */ = {isa = PBXFileReference; explicitFileType = wrapper.cfbundle; includeInIndex = 0; path = GitHubClientAppUITests.xctest; sourceTree = BUILT_PRODUCTS_DIR; };
		5C48978028846B880006F4E8 /* GitHubClientAppUITests.swift */ = {isa = PBXFileReference; lastKnownFileType = sourcecode.swift; path = GitHubClientAppUITests.swift; sourceTree = "<group>"; };
		5C48978228846B880006F4E8 /* GitHubClientAppUITestsLaunchTests.swift */ = {isa = PBXFileReference; lastKnownFileType = sourcecode.swift; path = GitHubClientAppUITestsLaunchTests.swift; sourceTree = "<group>"; };
		5C48978F288507930006F4E8 /* Repo.swift */ = {isa = PBXFileReference; lastKnownFileType = sourcecode.swift; path = Repo.swift; sourceTree = "<group>"; };
		5C489791288507A00006F4E8 /* User.swift */ = {isa = PBXFileReference; lastKnownFileType = sourcecode.swift; path = User.swift; sourceTree = "<group>"; };
		5C48979828850C8D0006F4E8 /* RepoRow.swift */ = {isa = PBXFileReference; lastKnownFileType = sourcecode.swift; path = RepoRow.swift; sourceTree = "<group>"; };
		5C48979A28850DC50006F4E8 /* RepoDetailView.swift */ = {isa = PBXFileReference; lastKnownFileType = sourcecode.swift; path = RepoDetailView.swift; sourceTree = "<group>"; };
		5C48979D288518460006F4E8 /* Repo+mock.swift */ = {isa = PBXFileReference; lastKnownFileType = sourcecode.swift; path = "Repo+mock.swift"; sourceTree = "<group>"; };
		5C48979F2885187F0006F4E8 /* User+mock.swift */ = {isa = PBXFileReference; lastKnownFileType = sourcecode.swift; path = "User+mock.swift"; sourceTree = "<group>"; };
		5C9702D32886EF8B001F86CF /* RepoListViewModel.swift */ = {isa = PBXFileReference; lastKnownFileType = sourcecode.swift; path = RepoListViewModel.swift; sourceTree = "<group>"; };
		5C9702D52886F0FD001F86CF /* RepoDataRepository.swift */ = {isa = PBXFileReference; lastKnownFileType = sourcecode.swift; path = RepoDataRepository.swift; sourceTree = "<group>"; };
		5C9702D82886F221001F86CF /* RepoErrors.swift */ = {isa = PBXFileReference; lastKnownFileType = sourcecode.swift; path = RepoErrors.swift; sourceTree = "<group>"; };
		5C9702DA2886F254001F86CF /* Stateful.swift */ = {isa = PBXFileReference; lastKnownFileType = sourcecode.swift; path = Stateful.swift; sourceTree = "<group>"; };
		5C9702DD28884E1A001F86CF /* MockRepoRepository.swift */ = {isa = PBXFileReference; lastKnownFileType = sourcecode.swift; path = MockRepoRepository.swift; sourceTree = "<group>"; };
		5C9702E528884F31001F86CF /* DummyError.swift */ = {isa = PBXFileReference; lastKnownFileType = sourcecode.swift; path = DummyError.swift; sourceTree = "<group>"; };
/* End PBXFileReference section */

/* Begin PBXFrameworksBuildPhase section */
		5C48975F28846B870006F4E8 /* Frameworks */ = {
			isa = PBXFrameworksBuildPhase;
			buildActionMask = 2147483647;
			files = (
			);
			runOnlyForDeploymentPostprocessing = 0;
		};
		5C48976F28846B880006F4E8 /* Frameworks */ = {
			isa = PBXFrameworksBuildPhase;
			buildActionMask = 2147483647;
			files = (
			);
			runOnlyForDeploymentPostprocessing = 0;
		};
		5C48977928846B880006F4E8 /* Frameworks */ = {
			isa = PBXFrameworksBuildPhase;
			buildActionMask = 2147483647;
			files = (
			);
			runOnlyForDeploymentPostprocessing = 0;
		};
/* End PBXFrameworksBuildPhase section */

/* Begin PBXGroup section */
		5C48975928846B870006F4E8 = {
			isa = PBXGroup;
			children = (
				5C48976428846B870006F4E8 /* GitHubClientApp */,
				5C48977528846B880006F4E8 /* GitHubClientAppTests */,
				5C48977F28846B880006F4E8 /* GitHubClientAppUITests */,
				5C48976328846B870006F4E8 /* Products */,
			);
			sourceTree = "<group>";
		};
		5C48976328846B870006F4E8 /* Products */ = {
			isa = PBXGroup;
			children = (
				5C48976228846B870006F4E8 /* GitHubClientApp.app */,
				5C48977228846B880006F4E8 /* GitHubClientAppTests.xctest */,
				5C48977C28846B880006F4E8 /* GitHubClientAppUITests.xctest */,
			);
			name = Products;
			sourceTree = "<group>";
		};
		5C48976428846B870006F4E8 /* GitHubClientApp */ = {
			isa = PBXGroup;
			children = (
				5C48976528846B870006F4E8 /* GitHubClientAppApp.swift */,
				5C48979C288517BC0006F4E8 /* Views */,
				5C9702D22886EF63001F86CF /* ViewModels */,
				5C489795288507CD0006F4E8 /* Models */,
				5C48976928846B880006F4E8 /* Assets.xcassets */,
				5C48976B28846B880006F4E8 /* Preview Content */,
			);
			path = GitHubClientApp;
			sourceTree = "<group>";
		};
		5C48976B28846B880006F4E8 /* Preview Content */ = {
			isa = PBXGroup;
			children = (
				5C48976C28846B880006F4E8 /* Preview Assets.xcassets */,
				5C9702DC288848A9001F86CF /* Mocks */,
			);
			path = "Preview Content";
			sourceTree = "<group>";
		};
		5C48977528846B880006F4E8 /* GitHubClientAppTests */ = {
			isa = PBXGroup;
			children = (
				5C48977628846B880006F4E8 /* GitHubClientAppTests.swift */,
			);
			path = GitHubClientAppTests;
			sourceTree = "<group>";
		};
		5C48977F28846B880006F4E8 /* GitHubClientAppUITests */ = {
			isa = PBXGroup;
			children = (
				5C48978028846B880006F4E8 /* GitHubClientAppUITests.swift */,
				5C48978228846B880006F4E8 /* GitHubClientAppUITestsLaunchTests.swift */,
			);
			path = GitHubClientAppUITests;
			sourceTree = "<group>";
		};
		5C489795288507CD0006F4E8 /* Models */ = {
			isa = PBXGroup;
			children = (
				5C9702D52886F0FD001F86CF /* RepoDataRepository.swift */,
				5C48978F288507930006F4E8 /* Repo.swift */,
				5C489791288507A00006F4E8 /* User.swift */,
				5C9702D72886F205001F86CF /* Others */,
			);
			path = Models;
			sourceTree = "<group>";
		};
		5C48979C288517BC0006F4E8 /* Views */ = {
			isa = PBXGroup;
			children = (
				5C48976728846B870006F4E8 /* RepoListView.swift */,
				5C48979828850C8D0006F4E8 /* RepoRow.swift */,
				5C48979A28850DC50006F4E8 /* RepoDetailView.swift */,
			);
			path = Views;
			sourceTree = "<group>";
		};
		5C9702D22886EF63001F86CF /* ViewModels */ = {
			isa = PBXGroup;
			children = (
				5C9702D32886EF8B001F86CF /* RepoListViewModel.swift */,
			);
			path = ViewModels;
			sourceTree = "<group>";
		};
		5C9702D72886F205001F86CF /* Others */ = {
			isa = PBXGroup;
			children = (
				5C9702DA2886F254001F86CF /* Stateful.swift */,
				5C9702D82886F221001F86CF /* RepoErrors.swift */,
			);
			path = Others;
			sourceTree = "<group>";
		};
		5C9702DC288848A9001F86CF /* Mocks */ = {
			isa = PBXGroup;
			children = (
				5C48979F2885187F0006F4E8 /* User+mock.swift */,
				5C48979D288518460006F4E8 /* Repo+mock.swift */,
				5C9702DD28884E1A001F86CF /* MockRepoRepository.swift */,
				5C9702E528884F31001F86CF /* DummyError.swift */,
			);
			path = Mocks;
			sourceTree = "<group>";
		};
/* End PBXGroup section */

/* Begin PBXNativeTarget section */
		5C48976128846B870006F4E8 /* GitHubClientApp */ = {
			isa = PBXNativeTarget;
			buildConfigurationList = 5C48978628846B880006F4E8 /* Build configuration list for PBXNativeTarget "GitHubClientApp" */;
			buildPhases = (
				5C48975E28846B870006F4E8 /* Sources */,
				5C48975F28846B870006F4E8 /* Frameworks */,
				5C48976028846B870006F4E8 /* Resources */,
			);
			buildRules = (
			);
			dependencies = (
			);
			name = GitHubClientApp;
			productName = GitHubClientApp;
			productReference = 5C48976228846B870006F4E8 /* GitHubClientApp.app */;
			productType = "com.apple.product-type.application";
		};
		5C48977128846B880006F4E8 /* GitHubClientAppTests */ = {
			isa = PBXNativeTarget;
			buildConfigurationList = 5C48978928846B880006F4E8 /* Build configuration list for PBXNativeTarget "GitHubClientAppTests" */;
			buildPhases = (
				5C48976E28846B880006F4E8 /* Sources */,
				5C48976F28846B880006F4E8 /* Frameworks */,
				5C48977028846B880006F4E8 /* Resources */,
			);
			buildRules = (
			);
			dependencies = (
				5C48977428846B880006F4E8 /* PBXTargetDependency */,
			);
			name = GitHubClientAppTests;
			productName = GitHubClientAppTests;
			productReference = 5C48977228846B880006F4E8 /* GitHubClientAppTests.xctest */;
			productType = "com.apple.product-type.bundle.unit-test";
		};
		5C48977B28846B880006F4E8 /* GitHubClientAppUITests */ = {
			isa = PBXNativeTarget;
			buildConfigurationList = 5C48978C28846B880006F4E8 /* Build configuration list for PBXNativeTarget "GitHubClientAppUITests" */;
			buildPhases = (
				5C48977828846B880006F4E8 /* Sources */,
				5C48977928846B880006F4E8 /* Frameworks */,
				5C48977A28846B880006F4E8 /* Resources */,
			);
			buildRules = (
			);
			dependencies = (
				5C48977E28846B880006F4E8 /* PBXTargetDependency */,
			);
			name = GitHubClientAppUITests;
			productName = GitHubClientAppUITests;
			productReference = 5C48977C28846B880006F4E8 /* GitHubClientAppUITests.xctest */;
			productType = "com.apple.product-type.bundle.ui-testing";
		};
/* End PBXNativeTarget section */

/* Begin PBXProject section */
		5C48975A28846B870006F4E8 /* Project object */ = {
			isa = PBXProject;
			attributes = {
				BuildIndependentTargetsInParallel = 1;
				LastSwiftUpdateCheck = 1330;
				LastUpgradeCheck = 1330;
				TargetAttributes = {
					5C48976128846B870006F4E8 = {
						CreatedOnToolsVersion = 13.3;
					};
					5C48977128846B880006F4E8 = {
						CreatedOnToolsVersion = 13.3;
						TestTargetID = 5C48976128846B870006F4E8;
					};
					5C48977B28846B880006F4E8 = {
						CreatedOnToolsVersion = 13.3;
						TestTargetID = 5C48976128846B870006F4E8;
					};
				};
			};
			buildConfigurationList = 5C48975D28846B870006F4E8 /* Build configuration list for PBXProject "GitHubClientApp" */;
			compatibilityVersion = "Xcode 13.0";
			developmentRegion = en;
			hasScannedForEncodings = 0;
			knownRegions = (
				en,
				Base,
			);
			mainGroup = 5C48975928846B870006F4E8;
			productRefGroup = 5C48976328846B870006F4E8 /* Products */;
			projectDirPath = "";
			projectRoot = "";
			targets = (
				5C48976128846B870006F4E8 /* GitHubClientApp */,
				5C48977128846B880006F4E8 /* GitHubClientAppTests */,
				5C48977B28846B880006F4E8 /* GitHubClientAppUITests */,
			);
		};
/* End PBXProject section */

/* Begin PBXResourcesBuildPhase section */
		5C48976028846B870006F4E8 /* Resources */ = {
			isa = PBXResourcesBuildPhase;
			buildActionMask = 2147483647;
			files = (
				5C48976D28846B880006F4E8 /* Preview Assets.xcassets in Resources */,
				5C48976A28846B880006F4E8 /* Assets.xcassets in Resources */,
			);
			runOnlyForDeploymentPostprocessing = 0;
		};
		5C48977028846B880006F4E8 /* Resources */ = {
			isa = PBXResourcesBuildPhase;
			buildActionMask = 2147483647;
			files = (
			);
			runOnlyForDeploymentPostprocessing = 0;
		};
		5C48977A28846B880006F4E8 /* Resources */ = {
			isa = PBXResourcesBuildPhase;
			buildActionMask = 2147483647;
			files = (
			);
			runOnlyForDeploymentPostprocessing = 0;
		};
/* End PBXResourcesBuildPhase section */

/* Begin PBXSourcesBuildPhase section */
		5C48975E28846B870006F4E8 /* Sources */ = {
			isa = PBXSourcesBuildPhase;
			buildActionMask = 2147483647;
			files = (
				5C48979928850C8D0006F4E8 /* RepoRow.swift in Sources */,
				5C9702DB2886F254001F86CF /* Stateful.swift in Sources */,
				5C9702DE28884E1A001F86CF /* MockRepoRepository.swift in Sources */,
				5C9702D62886F0FD001F86CF /* RepoDataRepository.swift in Sources */,
				5C48979E288518460006F4E8 /* Repo+mock.swift in Sources */,
				5C9702D92886F221001F86CF /* RepoErrors.swift in Sources */,
				5C489792288507A00006F4E8 /* User.swift in Sources */,
				5C489790288507930006F4E8 /* Repo.swift in Sources */,
				5C48979B28850DC50006F4E8 /* RepoDetailView.swift in Sources */,
				5C48976828846B870006F4E8 /* RepoListView.swift in Sources */,
				5C4897A02885187F0006F4E8 /* User+mock.swift in Sources */,
				5C48976628846B870006F4E8 /* GitHubClientAppApp.swift in Sources */,
				5C9702D42886EF8B001F86CF /* RepoListViewModel.swift in Sources */,
				5C9702E628884F31001F86CF /* DummyError.swift in Sources */,
			);
			runOnlyForDeploymentPostprocessing = 0;
		};
		5C48976E28846B880006F4E8 /* Sources */ = {
			isa = PBXSourcesBuildPhase;
			buildActionMask = 2147483647;
			files = (
				5C48977728846B880006F4E8 /* GitHubClientAppTests.swift in Sources */,
				5C9702E728884F31001F86CF /* DummyError.swift in Sources */,
				5C9702DF28884E1A001F86CF /* MockRepoRepository.swift in Sources */,
			);
			runOnlyForDeploymentPostprocessing = 0;
		};
		5C48977828846B880006F4E8 /* Sources */ = {
			isa = PBXSourcesBuildPhase;
			buildActionMask = 2147483647;
			files = (
				5C9702E028884E1A001F86CF /* MockRepoRepository.swift in Sources */,
				5C9702E828884F31001F86CF /* DummyError.swift in Sources */,
				5C48978328846B880006F4E8 /* GitHubClientAppUITestsLaunchTests.swift in Sources */,
				5C48978128846B880006F4E8 /* GitHubClientAppUITests.swift in Sources */,
			);
			runOnlyForDeploymentPostprocessing = 0;
		};
/* End PBXSourcesBuildPhase section */

/* Begin PBXTargetDependency section */
		5C48977428846B880006F4E8 /* PBXTargetDependency */ = {
			isa = PBXTargetDependency;
			target = 5C48976128846B870006F4E8 /* GitHubClientApp */;
			targetProxy = 5C48977328846B880006F4E8 /* PBXContainerItemProxy */;
		};
		5C48977E28846B880006F4E8 /* PBXTargetDependency */ = {
			isa = PBXTargetDependency;
			target = 5C48976128846B870006F4E8 /* GitHubClientApp */;
			targetProxy = 5C48977D28846B880006F4E8 /* PBXContainerItemProxy */;
		};
/* End PBXTargetDependency section */

/* Begin XCBuildConfiguration section */
		5C48978428846B880006F4E8 /* Debug */ = {
			isa = XCBuildConfiguration;
			buildSettings = {
				ALWAYS_SEARCH_USER_PATHS = NO;
				CLANG_ANALYZER_NONNULL = YES;
				CLANG_ANALYZER_NUMBER_OBJECT_CONVERSION = YES_AGGRESSIVE;
				CLANG_CXX_LANGUAGE_STANDARD = "gnu++17";
				CLANG_ENABLE_MODULES = YES;
				CLANG_ENABLE_OBJC_ARC = YES;
				CLANG_ENABLE_OBJC_WEAK = YES;
				CLANG_WARN_BLOCK_CAPTURE_AUTORELEASING = YES;
				CLANG_WARN_BOOL_CONVERSION = YES;
				CLANG_WARN_COMMA = YES;
				CLANG_WARN_CONSTANT_CONVERSION = YES;
				CLANG_WARN_DEPRECATED_OBJC_IMPLEMENTATIONS = YES;
				CLANG_WARN_DIRECT_OBJC_ISA_USAGE = YES_ERROR;
				CLANG_WARN_DOCUMENTATION_COMMENTS = YES;
				CLANG_WARN_EMPTY_BODY = YES;
				CLANG_WARN_ENUM_CONVERSION = YES;
				CLANG_WARN_INFINITE_RECURSION = YES;
				CLANG_WARN_INT_CONVERSION = YES;
				CLANG_WARN_NON_LITERAL_NULL_CONVERSION = YES;
				CLANG_WARN_OBJC_IMPLICIT_RETAIN_SELF = YES;
				CLANG_WARN_OBJC_LITERAL_CONVERSION = YES;
				CLANG_WARN_OBJC_ROOT_CLASS = YES_ERROR;
				CLANG_WARN_QUOTED_INCLUDE_IN_FRAMEWORK_HEADER = YES;
				CLANG_WARN_RANGE_LOOP_ANALYSIS = YES;
				CLANG_WARN_STRICT_PROTOTYPES = YES;
				CLANG_WARN_SUSPICIOUS_MOVE = YES;
				CLANG_WARN_UNGUARDED_AVAILABILITY = YES_AGGRESSIVE;
				CLANG_WARN_UNREACHABLE_CODE = YES;
				CLANG_WARN__DUPLICATE_METHOD_MATCH = YES;
				COPY_PHASE_STRIP = NO;
				DEBUG_INFORMATION_FORMAT = dwarf;
				ENABLE_STRICT_OBJC_MSGSEND = YES;
				ENABLE_TESTABILITY = YES;
				GCC_C_LANGUAGE_STANDARD = gnu11;
				GCC_DYNAMIC_NO_PIC = NO;
				GCC_NO_COMMON_BLOCKS = YES;
				GCC_OPTIMIZATION_LEVEL = 0;
				GCC_PREPROCESSOR_DEFINITIONS = (
					"DEBUG=1",
					"$(inherited)",
				);
				GCC_WARN_64_TO_32_BIT_CONVERSION = YES;
				GCC_WARN_ABOUT_RETURN_TYPE = YES_ERROR;
				GCC_WARN_UNDECLARED_SELECTOR = YES;
				GCC_WARN_UNINITIALIZED_AUTOS = YES_AGGRESSIVE;
				GCC_WARN_UNUSED_FUNCTION = YES;
				GCC_WARN_UNUSED_VARIABLE = YES;
				IPHONEOS_DEPLOYMENT_TARGET = 15.4;
				MTL_ENABLE_DEBUG_INFO = INCLUDE_SOURCE;
				MTL_FAST_MATH = YES;
				ONLY_ACTIVE_ARCH = YES;
				SDKROOT = iphoneos;
				SWIFT_ACTIVE_COMPILATION_CONDITIONS = DEBUG;
				SWIFT_OPTIMIZATION_LEVEL = "-Onone";
			};
			name = Debug;
		};
		5C48978528846B880006F4E8 /* Release */ = {
			isa = XCBuildConfiguration;
			buildSettings = {
				ALWAYS_SEARCH_USER_PATHS = NO;
				CLANG_ANALYZER_NONNULL = YES;
				CLANG_ANALYZER_NUMBER_OBJECT_CONVERSION = YES_AGGRESSIVE;
				CLANG_CXX_LANGUAGE_STANDARD = "gnu++17";
				CLANG_ENABLE_MODULES = YES;
				CLANG_ENABLE_OBJC_ARC = YES;
				CLANG_ENABLE_OBJC_WEAK = YES;
				CLANG_WARN_BLOCK_CAPTURE_AUTORELEASING = YES;
				CLANG_WARN_BOOL_CONVERSION = YES;
				CLANG_WARN_COMMA = YES;
				CLANG_WARN_CONSTANT_CONVERSION = YES;
				CLANG_WARN_DEPRECATED_OBJC_IMPLEMENTATIONS = YES;
				CLANG_WARN_DIRECT_OBJC_ISA_USAGE = YES_ERROR;
				CLANG_WARN_DOCUMENTATION_COMMENTS = YES;
				CLANG_WARN_EMPTY_BODY = YES;
				CLANG_WARN_ENUM_CONVERSION = YES;
				CLANG_WARN_INFINITE_RECURSION = YES;
				CLANG_WARN_INT_CONVERSION = YES;
				CLANG_WARN_NON_LITERAL_NULL_CONVERSION = YES;
				CLANG_WARN_OBJC_IMPLICIT_RETAIN_SELF = YES;
				CLANG_WARN_OBJC_LITERAL_CONVERSION = YES;
				CLANG_WARN_OBJC_ROOT_CLASS = YES_ERROR;
				CLANG_WARN_QUOTED_INCLUDE_IN_FRAMEWORK_HEADER = YES;
				CLANG_WARN_RANGE_LOOP_ANALYSIS = YES;
				CLANG_WARN_STRICT_PROTOTYPES = YES;
				CLANG_WARN_SUSPICIOUS_MOVE = YES;
				CLANG_WARN_UNGUARDED_AVAILABILITY = YES_AGGRESSIVE;
				CLANG_WARN_UNREACHABLE_CODE = YES;
				CLANG_WARN__DUPLICATE_METHOD_MATCH = YES;
				COPY_PHASE_STRIP = NO;
				DEBUG_INFORMATION_FORMAT = "dwarf-with-dsym";
				ENABLE_NS_ASSERTIONS = NO;
				ENABLE_STRICT_OBJC_MSGSEND = YES;
				GCC_C_LANGUAGE_STANDARD = gnu11;
				GCC_NO_COMMON_BLOCKS = YES;
				GCC_WARN_64_TO_32_BIT_CONVERSION = YES;
				GCC_WARN_ABOUT_RETURN_TYPE = YES_ERROR;
				GCC_WARN_UNDECLARED_SELECTOR = YES;
				GCC_WARN_UNINITIALIZED_AUTOS = YES_AGGRESSIVE;
				GCC_WARN_UNUSED_FUNCTION = YES;
				GCC_WARN_UNUSED_VARIABLE = YES;
				IPHONEOS_DEPLOYMENT_TARGET = 15.4;
				MTL_ENABLE_DEBUG_INFO = NO;
				MTL_FAST_MATH = YES;
				SDKROOT = iphoneos;
				SWIFT_COMPILATION_MODE = wholemodule;
				SWIFT_OPTIMIZATION_LEVEL = "-O";
				VALIDATE_PRODUCT = YES;
			};
			name = Release;
		};
		5C48978728846B880006F4E8 /* Debug */ = {
			isa = XCBuildConfiguration;
			buildSettings = {
				ASSETCATALOG_COMPILER_APPICON_NAME = AppIcon;
				ASSETCATALOG_COMPILER_GLOBAL_ACCENT_COLOR_NAME = AccentColor;
				CODE_SIGN_STYLE = Automatic;
				CURRENT_PROJECT_VERSION = 1;
				DEVELOPMENT_ASSET_PATHS = "\"GitHubClientApp/Preview Content\"";
				DEVELOPMENT_TEAM = 8SARQFUQQA;
				ENABLE_PREVIEWS = YES;
				GENERATE_INFOPLIST_FILE = YES;
				INFOPLIST_KEY_UIApplicationSceneManifest_Generation = YES;
				INFOPLIST_KEY_UIApplicationSupportsIndirectInputEvents = YES;
				INFOPLIST_KEY_UILaunchScreen_Generation = YES;
				INFOPLIST_KEY_UISupportedInterfaceOrientations_iPad = "UIInterfaceOrientationPortrait UIInterfaceOrientationPortraitUpsideDown UIInterfaceOrientationLandscapeLeft UIInterfaceOrientationLandscapeRight";
				INFOPLIST_KEY_UISupportedInterfaceOrientations_iPhone = "UIInterfaceOrientationPortrait UIInterfaceOrientationLandscapeLeft UIInterfaceOrientationLandscapeRight";
				LD_RUNPATH_SEARCH_PATHS = (
					"$(inherited)",
					"@executable_path/Frameworks",
				);
				MARKETING_VERSION = 1.0;
				PRODUCT_BUNDLE_IDENTIFIER = taisei.GitHubClientApp;
				PRODUCT_NAME = "$(TARGET_NAME)";
				SWIFT_EMIT_LOC_STRINGS = YES;
				SWIFT_VERSION = 5.0;
				TARGETED_DEVICE_FAMILY = "1,2";
			};
			name = Debug;
		};
		5C48978828846B880006F4E8 /* Release */ = {
			isa = XCBuildConfiguration;
			buildSettings = {
				ASSETCATALOG_COMPILER_APPICON_NAME = AppIcon;
				ASSETCATALOG_COMPILER_GLOBAL_ACCENT_COLOR_NAME = AccentColor;
				CODE_SIGN_STYLE = Automatic;
				CURRENT_PROJECT_VERSION = 1;
				DEVELOPMENT_ASSET_PATHS = "\"GitHubClientApp/Preview Content\"";
				DEVELOPMENT_TEAM = 8SARQFUQQA;
				ENABLE_PREVIEWS = YES;
				GENERATE_INFOPLIST_FILE = YES;
				INFOPLIST_KEY_UIApplicationSceneManifest_Generation = YES;
				INFOPLIST_KEY_UIApplicationSupportsIndirectInputEvents = YES;
				INFOPLIST_KEY_UILaunchScreen_Generation = YES;
				INFOPLIST_KEY_UISupportedInterfaceOrientations_iPad = "UIInterfaceOrientationPortrait UIInterfaceOrientationPortraitUpsideDown UIInterfaceOrientationLandscapeLeft UIInterfaceOrientationLandscapeRight";
				INFOPLIST_KEY_UISupportedInterfaceOrientations_iPhone = "UIInterfaceOrientationPortrait UIInterfaceOrientationLandscapeLeft UIInterfaceOrientationLandscapeRight";
				LD_RUNPATH_SEARCH_PATHS = (
					"$(inherited)",
					"@executable_path/Frameworks",
				);
				MARKETING_VERSION = 1.0;
				PRODUCT_BUNDLE_IDENTIFIER = taisei.GitHubClientApp;
				PRODUCT_NAME = "$(TARGET_NAME)";
				SWIFT_EMIT_LOC_STRINGS = YES;
				SWIFT_VERSION = 5.0;
				TARGETED_DEVICE_FAMILY = "1,2";
			};
			name = Release;
		};
		5C48978A28846B880006F4E8 /* Debug */ = {
			isa = XCBuildConfiguration;
			buildSettings = {
				ALWAYS_EMBED_SWIFT_STANDARD_LIBRARIES = YES;
				BUNDLE_LOADER = "$(TEST_HOST)";
				CODE_SIGN_STYLE = Automatic;
				CURRENT_PROJECT_VERSION = 1;
				DEVELOPMENT_TEAM = 8SARQFUQQA;
				GENERATE_INFOPLIST_FILE = YES;
				IPHONEOS_DEPLOYMENT_TARGET = 15.4;
				MARKETING_VERSION = 1.0;
				PRODUCT_BUNDLE_IDENTIFIER = taisei.GitHubClientAppTests;
				PRODUCT_NAME = "$(TARGET_NAME)";
				SWIFT_EMIT_LOC_STRINGS = NO;
				SWIFT_VERSION = 5.0;
				TARGETED_DEVICE_FAMILY = "1,2";
				TEST_HOST = "$(BUILT_PRODUCTS_DIR)/GitHubClientApp.app/GitHubClientApp";
			};
			name = Debug;
		};
		5C48978B28846B880006F4E8 /* Release */ = {
			isa = XCBuildConfiguration;
			buildSettings = {
				ALWAYS_EMBED_SWIFT_STANDARD_LIBRARIES = YES;
				BUNDLE_LOADER = "$(TEST_HOST)";
				CODE_SIGN_STYLE = Automatic;
				CURRENT_PROJECT_VERSION = 1;
				DEVELOPMENT_TEAM = 8SARQFUQQA;
				GENERATE_INFOPLIST_FILE = YES;
				IPHONEOS_DEPLOYMENT_TARGET = 15.4;
				MARKETING_VERSION = 1.0;
				PRODUCT_BUNDLE_IDENTIFIER = taisei.GitHubClientAppTests;
				PRODUCT_NAME = "$(TARGET_NAME)";
				SWIFT_EMIT_LOC_STRINGS = NO;
				SWIFT_VERSION = 5.0;
				TARGETED_DEVICE_FAMILY = "1,2";
				TEST_HOST = "$(BUILT_PRODUCTS_DIR)/GitHubClientApp.app/GitHubClientApp";
			};
			name = Release;
		};
		5C48978D28846B880006F4E8 /* Debug */ = {
			isa = XCBuildConfiguration;
			buildSettings = {
				ALWAYS_EMBED_SWIFT_STANDARD_LIBRARIES = YES;
				CODE_SIGN_STYLE = Automatic;
				CURRENT_PROJECT_VERSION = 1;
				DEVELOPMENT_TEAM = 8SARQFUQQA;
				GENERATE_INFOPLIST_FILE = YES;
				MARKETING_VERSION = 1.0;
				PRODUCT_BUNDLE_IDENTIFIER = taisei.GitHubClientAppUITests;
				PRODUCT_NAME = "$(TARGET_NAME)";
				SWIFT_EMIT_LOC_STRINGS = NO;
				SWIFT_VERSION = 5.0;
				TARGETED_DEVICE_FAMILY = "1,2";
				TEST_TARGET_NAME = GitHubClientApp;
			};
			name = Debug;
		};
		5C48978E28846B880006F4E8 /* Release */ = {
			isa = XCBuildConfiguration;
			buildSettings = {
				ALWAYS_EMBED_SWIFT_STANDARD_LIBRARIES = YES;
				CODE_SIGN_STYLE = Automatic;
				CURRENT_PROJECT_VERSION = 1;
				DEVELOPMENT_TEAM = 8SARQFUQQA;
				GENERATE_INFOPLIST_FILE = YES;
				MARKETING_VERSION = 1.0;
				PRODUCT_BUNDLE_IDENTIFIER = taisei.GitHubClientAppUITests;
				PRODUCT_NAME = "$(TARGET_NAME)";
				SWIFT_EMIT_LOC_STRINGS = NO;
				SWIFT_VERSION = 5.0;
				TARGETED_DEVICE_FAMILY = "1,2";
				TEST_TARGET_NAME = GitHubClientApp;
			};
			name = Release;
		};
/* End XCBuildConfiguration section */

/* Begin XCConfigurationList section */
		5C48975D28846B870006F4E8 /* Build configuration list for PBXProject "GitHubClientApp" */ = {
			isa = XCConfigurationList;
			buildConfigurations = (
				5C48978428846B880006F4E8 /* Debug */,
				5C48978528846B880006F4E8 /* Release */,
			);
			defaultConfigurationIsVisible = 0;
			defaultConfigurationName = Release;
		};
		5C48978628846B880006F4E8 /* Build configuration list for PBXNativeTarget "GitHubClientApp" */ = {
			isa = XCConfigurationList;
			buildConfigurations = (
				5C48978728846B880006F4E8 /* Debug */,
				5C48978828846B880006F4E8 /* Release */,
			);
			defaultConfigurationIsVisible = 0;
			defaultConfigurationName = Release;
		};
		5C48978928846B880006F4E8 /* Build configuration list for PBXNativeTarget "GitHubClientAppTests" */ = {
			isa = XCConfigurationList;
			buildConfigurations = (
				5C48978A28846B880006F4E8 /* Debug */,
				5C48978B28846B880006F4E8 /* Release */,
			);
			defaultConfigurationIsVisible = 0;
			defaultConfigurationName = Release;
		};
		5C48978C28846B880006F4E8 /* Build configuration list for PBXNativeTarget "GitHubClientAppUITests" */ = {
			isa = XCConfigurationList;
			buildConfigurations = (
				5C48978D28846B880006F4E8 /* Debug */,
				5C48978E28846B880006F4E8 /* Release */,
			);
			defaultConfigurationIsVisible = 0;
			defaultConfigurationName = Release;
		};
/* End XCConfigurationList section */
	};
	rootObject = 5C48975A28846B870006F4E8 /* Project object */;
}
